# This file is automatically @generated by rotriever.
# It is not intended for manual editing.
lockfile_format_version = 4

[[package]]
name = "AssessmentUI"
version = "1.0.0"
commit = "1c2beb02fe86bf9efc68d9d3a2f5e012573da2eb"
source = "url+https://github.com/imbellus2/assessment-ui"
dependencies = [
    "Dash Dash 0.1.9 url+https://github.com/roblox/dash",
    "FishBlox FishBlox 0.0.1 url+https://github.com/imbellus2/fishblox",
    "React React 17.0.2 url+https://github.com/roblox/roact-alignment",
    "ReactRoblox ReactRoblox 17.0.2 url+https://github.com/roblox/roact-alignment",
    "Roact RoactCompat 17.0.2 url+https://github.com/roblox/roact-alignment",
    "RoactRodux RoactRodux 0.5.1 url+https://github.com/roblox/roact-rodux",
    "Rodux roblox/rodux 3.0.0 url+https://github.com/roblox/rodux",
    "Utilities AssessmentUtils 1.1.4 url+https://github.com/imbellus2/assessment-utils",
]

[[package]]
name = "AssessmentUtils"
version = "1.1.4"
commit = "4708400865639a235b3a8131afbf9aa7fb5a6cae"
source = "url+https://github.com/imbellus2/assessment-utils"
dependencies = ["Dash Dash 0.1.9 url+https://github.com/roblox/dash"]

[[package]]
name = "BentoBlox"
version = "0.0.1"
commit = "d79b118199a725d6aa56cdfd4e51f355578a3f6e"
source = "url+https://github.com/imbellus2/bentoblox"
dependencies = [
    "Dash Dash 0.1.9 url+https://github.com/roblox/dash",
    "Otter Otter 0.1.4 url+https://github.com/roblox/otter",
    "React React 17.0.2 url+https://github.com/roblox/roact-alignment",
    "ReactRoblox ReactRoblox 17.0.2 url+https://github.com/roblox/roact-alignment",
    "Roact RoactCompat 17.0.2 url+https://github.com/roblox/roact-alignment",
]

[[package]]
name = "Boolean"
version = "1.1.1"
commit = "5f1257fdda8f23a782e7d461f00212db1b021690"
source = "url+https://github.com/roblox/luau-polyfill"
dependencies = ["Number Number 1.1.1 url+https://github.com/roblox/luau-polyfill"]

[[package]]
name = "Collections"
version = "1.1.1"
commit = "5f1257fdda8f23a782e7d461f00212db1b021690"
source = "url+https://github.com/roblox/luau-polyfill"
dependencies = [
    "ES7Types ES7Types 1.1.1 url+https://github.com/roblox/luau-polyfill",
    "InstanceOf InstanceOf 1.1.1 url+https://github.com/roblox/luau-polyfill",
]

[[package]]
name = "Console"
version = "1.1.1"
commit = "5f1257fdda8f23a782e7d461f00212db1b021690"
source = "url+https://github.com/roblox/luau-polyfill"
dependencies = ["Collections Collections 1.1.1 url+https://github.com/roblox/luau-polyfill"]

[[package]]
name = "Dash"
version = "0.1.9"
commit = "48dd78d2e51e25c900fd3f400f4a6dc7fc1e2a24"
source = "url+https://github.com/roblox/dash"

[[package]]
name = "ES7Types"
version = "1.1.1"
commit = "5f1257fdda8f23a782e7d461f00212db1b021690"
source = "url+https://github.com/roblox/luau-polyfill"

[[package]]
name = "FactoriesPlugin"
version = "0.1.0"
dependencies = [
    "AssessmentUI AssessmentUI 1.0.0 url+https://github.com/imbellus2/assessment-ui",
    "Dash Dash 0.1.9 url+https://github.com/roblox/dash",
    "FishBlox FishBlox 0.0.1 url+https://github.com/imbellus2/fishblox",
    "React React 17.0.2 url+https://github.com/roblox/roact-alignment",
    "ReactRoblox ReactRoblox 17.0.2 url+https://github.com/roblox/roact-alignment",
    "Roact RoactCompat 17.0.2 url+https://github.com/roblox/roact-alignment",
    "RoactRodux RoactRodux 0.5.1 url+https://github.com/roblox/roact-rodux",
    "Rodux roblox/rodux 3.0.0 url+https://github.com/roblox/rodux",
    "Utilities AssessmentUtils 1.1.4 url+https://github.com/imbellus2/assessment-utils",
]

[[package]]
name = "FishBlox"
version = "0.0.1"
commit = "39ac15a5f0b80efbdc07f7317161963e0710f43e"
source = "url+https://github.com/imbellus2/fishblox"
dependencies = [
    "BentoBlox BentoBlox 0.0.1 url+https://github.com/imbellus2/bentoblox",
    "Dash Dash 0.1.9 url+https://github.com/roblox/dash",
    "Otter Otter 0.1.4 url+https://github.com/roblox/otter",
    "React React 17.0.2 url+https://github.com/roblox/roact-alignment",
    "ReactRoblox ReactRoblox 17.0.2 url+https://github.com/roblox/roact-alignment",
    "Roact RoactCompat 17.0.2 url+https://github.com/roblox/roact-alignment",
    "Utilities AssessmentUtils 1.1.4 url+https://github.com/imbellus2/assessment-utils",
]

[[package]]
name = "InstanceOf"
version = "1.1.1"
commit = "5f1257fdda8f23a782e7d461f00212db1b021690"
source = "url+https://github.com/roblox/luau-polyfill"

[[package]]
name = "LuauPolyfill"
version = "1.1.1"
commit = "5f1257fdda8f23a782e7d461f00212db1b021690"
source = "url+https://github.com/roblox/luau-polyfill"
dependencies = [
    "Boolean Boolean 1.1.1 url+https://github.com/roblox/luau-polyfill",
    "Collections Collections 1.1.1 url+https://github.com/roblox/luau-polyfill",
    "Console Console 1.1.1 url+https://github.com/roblox/luau-polyfill",
    "ES7Types ES7Types 1.1.1 url+https://github.com/roblox/luau-polyfill",
    "InstanceOf InstanceOf 1.1.1 url+https://github.com/roblox/luau-polyfill",
    "Math Math 1.1.1 url+https://github.com/roblox/luau-polyfill",
    "Number Number 1.1.1 url+https://github.com/roblox/luau-polyfill",
    "String String 1.1.1 url+https://github.com/roblox/luau-polyfill",
    "Symbol Symbol 1.1.1 url+https://github.com/roblox/luau-polyfill",
    "Timers Timers 1.1.1 url+https://github.com/roblox/luau-polyfill",
]

[[package]]
name = "Math"
version = "1.1.1"
commit = "5f1257fdda8f23a782e7d461f00212db1b021690"
source = "url+https://github.com/roblox/luau-polyfill"

[[package]]
name = "Number"
version = "1.1.1"
commit = "5f1257fdda8f23a782e7d461f00212db1b021690"
source = "url+https://github.com/roblox/luau-polyfill"

[[package]]
name = "Otter"
version = "0.1.4"
commit = "20b9a8f2a36e184f931a90aac4589d02c385511d"
source = "url+https://github.com/roblox/otter"

[[package]]
name = "Promise"
version = "3.3.0"
commit = "4508fc738f73c555ceebeb89e7dff1427b8f1e8b"
source = "url+https://github.com/roblox/roblox-lua-promise"

[[package]]
name = "React"
version = "17.0.2"
commit = "d25e9dc57680c925cdab7af3550bd751324d9052"
source = "url+https://github.com/roblox/roact-alignment"
dependencies = [
    "LuauPolyfill LuauPolyfill 1.1.1 url+https://github.com/roblox/luau-polyfill",
    "Shared Shared 17.0.2 url+https://github.com/roblox/roact-alignment",
]

[[package]]
name = "ReactReconciler"
version = "17.0.2"
commit = "d25e9dc57680c925cdab7af3550bd751324d9052"
source = "url+https://github.com/roblox/roact-alignment"
dependencies = [
    "LuauPolyfill LuauPolyfill 1.1.1 url+https://github.com/roblox/luau-polyfill",
    "Promise Promise 3.3.0 url+https://github.com/roblox/roblox-lua-promise",
    "React React 17.0.2 url+https://github.com/roblox/roact-alignment",
    "Scheduler Scheduler 17.0.2 url+https://github.com/roblox/roact-alignment",
    "Shared Shared 17.0.2 url+https://github.com/roblox/roact-alignment",
]

[[package]]
name = "ReactRoblox"
version = "17.0.2"
commit = "d25e9dc57680c925cdab7af3550bd751324d9052"
source = "url+https://github.com/roblox/roact-alignment"
dependencies = [
    "LuauPolyfill LuauPolyfill 1.1.1 url+https://github.com/roblox/luau-polyfill",
    "React React 17.0.2 url+https://github.com/roblox/roact-alignment",
    "ReactReconciler ReactReconciler 17.0.2 url+https://github.com/roblox/roact-alignment",
    "Scheduler Scheduler 17.0.2 url+https://github.com/roblox/roact-alignment",
    "Shared Shared 17.0.2 url+https://github.com/roblox/roact-alignment",
]

[[package]]
name = "Roact"
version = "1.4.4"
commit = "956891b70fdc5410e44e9664719cd0a9f7e6fabd"
source = "url+https://github.com/roblox/roact"

[[package]]
name = "RoactCompat"
version = "17.0.2"
commit = "d25e9dc57680c925cdab7af3550bd751324d9052"
source = "url+https://github.com/roblox/roact-alignment"
dependencies = [
    "LuauPolyfill LuauPolyfill 1.1.1 url+https://github.com/roblox/luau-polyfill",
    "React React 17.0.2 url+https://github.com/roblox/roact-alignment",
    "ReactRoblox ReactRoblox 17.0.2 url+https://github.com/roblox/roact-alignment",
    "Shared Shared 17.0.2 url+https://github.com/roblox/roact-alignment",
]

[[package]]
name = "RoactRodux"
version = "0.5.1"
commit = "60ce019cc53a78b1917c1cc4880879e6a3d0c34c"
source = "url+https://github.com/roblox/roact-rodux"
dependencies = [
    "Roact Roact 1.4.4 url+https://github.com/roblox/roact",
    "Rodux roblox/rodux 3.0.0 url+https://github.com/roblox/rodux",
]

[[package]]
name = "Scheduler"
version = "17.0.2"
commit = "d25e9dc57680c925cdab7af3550bd751324d9052"
source = "url+https://github.com/roblox/roact-alignment"
dependencies = [
    "LuauPolyfill LuauPolyfill 1.1.1 url+https://github.com/roblox/luau-polyfill",
    "Shared Shared 17.0.2 url+https://github.com/roblox/roact-alignment",
]

[[package]]
name = "Shared"
version = "17.0.2"
commit = "d25e9dc57680c925cdab7af3550bd751324d9052"
source = "url+https://github.com/roblox/roact-alignment"
dependencies = ["LuauPolyfill LuauPolyfill 1.1.1 url+https://github.com/roblox/luau-polyfill"]

[[package]]
name = "String"
version = "1.1.1"
commit = "5f1257fdda8f23a782e7d461f00212db1b021690"
source = "url+https://github.com/roblox/luau-polyfill"
dependencies = [
    "ES7Types ES7Types 1.1.1 url+https://github.com/roblox/luau-polyfill",
    "Number Number 1.1.1 url+https://github.com/roblox/luau-polyfill",
]

[[package]]
name = "Symbol"
version = "1.1.1"
commit = "5f1257fdda8f23a782e7d461f00212db1b021690"
source = "url+https://github.com/roblox/luau-polyfill"

[[package]]
name = "Timers"
version = "1.1.1"
commit = "5f1257fdda8f23a782e7d461f00212db1b021690"
source = "url+https://github.com/roblox/luau-polyfill"
dependencies = ["Collections Collections 1.1.1 url+https://github.com/roblox/luau-polyfill"]

[[package]]
name = "roblox/rodux"
version = "3.0.0"
commit = "2ea111e5695dddaefcfb5d67bcbb1095fff1b069"
source = "url+https://github.com/roblox/rodux"
